
Microsoft Visual Studio Solution File, Format Version 12.00
# Visual Studio Version 17
VisualStudioVersion = 17.9.34607.119
MinimumVisualStudioVersion = 10.0.40219.1
Project("{2150E333-8FDC-42A3-9474-1A3956D46DE8}") = "src", "src", "{8AD7ABE5-3C22-45BF-801E-AC7C26FD9233}"
EndProject
Project("{9A19103F-16F7-4668-BE54-9A1E7A4F7556}") = "Catalog.API", "src\Catalog.API\Catalog.API.csproj", "{B47E9D31-17AA-48E6-92C2-3C0084831D23}"
EndProject
Project("{2150E333-8FDC-42A3-9474-1A3956D46DE8}") = "Services", "Services", "{29BC904A-435E-41F2-8EA7-513241ADAA86}"
EndProject
Project("{2150E333-8FDC-42A3-9474-1A3956D46DE8}") = "BuildingBlocks", "BuildingBlocks", "{DB5809A9-F573-4F2D-9A96-B92C1D023C19}"
EndProject
Project("{9A19103F-16F7-4668-BE54-9A1E7A4F7556}") = "BuildingBlocks", "src\BuildingBlocks\BuildingBlocks.csproj", "{692885D8-CEBE-410C-95EA-564A7BC0D84E}"
EndProject
Project("{E53339B2-1760-4266-BCC7-CA923CBCF16C}") = "docker-compose", "docker-compose.dcproj", "{FD0CB5B9-0673-45F2-A0E4-8D050313F465}"
EndProject
Project("{2150E333-8FDC-42A3-9474-1A3956D46DE8}") = "Catalog", "Catalog", "{F4E8B50E-D658-4927-B84A-9CF6B656F4D7}"
EndProject
Project("{2150E333-8FDC-42A3-9474-1A3956D46DE8}") = "Basket", "Basket", "{21F3593C-7D9D-44D8-AC06-46E8CF48A8CD}"
EndProject
Project("{FAE04EC0-301F-11D3-BF4B-00C04F79EFBC}") = "Basket.API", "src\Services\Basket\Basket.API\Basket.API.csproj", "{2903598A-2872-4DB0-A24A-65331AB1BCCC}"
EndProject
Global
	GlobalSection(SolutionConfigurationPlatforms) = preSolution
		Debug|Any CPU = Debug|Any CPU
		Release|Any CPU = Release|Any CPU
	EndGlobalSection
	GlobalSection(ProjectConfigurationPlatforms) = postSolution
		{B47E9D31-17AA-48E6-92C2-3C0084831D23}.Debug|Any CPU.ActiveCfg = Debug|Any CPU
		{B47E9D31-17AA-48E6-92C2-3C0084831D23}.Debug|Any CPU.Build.0 = Debug|Any CPU
		{B47E9D31-17AA-48E6-92C2-3C0084831D23}.Release|Any CPU.ActiveCfg = Release|Any CPU
		{B47E9D31-17AA-48E6-92C2-3C0084831D23}.Release|Any CPU.Build.0 = Release|Any CPU
		{692885D8-CEBE-410C-95EA-564A7BC0D84E}.Debug|Any CPU.ActiveCfg = Debug|Any CPU
		{692885D8-CEBE-410C-95EA-564A7BC0D84E}.Debug|Any CPU.Build.0 = Debug|Any CPU
		{692885D8-CEBE-410C-95EA-564A7BC0D84E}.Release|Any CPU.ActiveCfg = Release|Any CPU
		{692885D8-CEBE-410C-95EA-564A7BC0D84E}.Release|Any CPU.Build.0 = Release|Any CPU
		{FD0CB5B9-0673-45F2-A0E4-8D050313F465}.Debug|Any CPU.ActiveCfg = Debug|Any CPU
		{FD0CB5B9-0673-45F2-A0E4-8D050313F465}.Debug|Any CPU.Build.0 = Debug|Any CPU
		{FD0CB5B9-0673-45F2-A0E4-8D050313F465}.Release|Any CPU.ActiveCfg = Release|Any CPU
		{FD0CB5B9-0673-45F2-A0E4-8D050313F465}.Release|Any CPU.Build.0 = Release|Any CPU
		{2903598A-2872-4DB0-A24A-65331AB1BCCC}.Debug|Any CPU.ActiveCfg = Debug|Any CPU
		{2903598A-2872-4DB0-A24A-65331AB1BCCC}.Debug|Any CPU.Build.0 = Debug|Any CPU
		{2903598A-2872-4DB0-A24A-65331AB1BCCC}.Release|Any CPU.ActiveCfg = Release|Any CPU
		{2903598A-2872-4DB0-A24A-65331AB1BCCC}.Release|Any CPU.Build.0 = Release|Any CPU
	EndGlobalSection
	GlobalSection(SolutionProperties) = preSolution
		HideSolutionNode = FALSE
	EndGlobalSection
	GlobalSection(NestedProjects) = preSolution
		{B47E9D31-17AA-48E6-92C2-3C0084831D23} = {F4E8B50E-D658-4927-B84A-9CF6B656F4D7}
		{29BC904A-435E-41F2-8EA7-513241ADAA86} = {8AD7ABE5-3C22-45BF-801E-AC7C26FD9233}
		{DB5809A9-F573-4F2D-9A96-B92C1D023C19} = {8AD7ABE5-3C22-45BF-801E-AC7C26FD9233}
		{692885D8-CEBE-410C-95EA-564A7BC0D84E} = {DB5809A9-F573-4F2D-9A96-B92C1D023C19}
		{F4E8B50E-D658-4927-B84A-9CF6B656F4D7} = {29BC904A-435E-41F2-8EA7-513241ADAA86}
		{21F3593C-7D9D-44D8-AC06-46E8CF48A8CD} = {29BC904A-435E-41F2-8EA7-513241ADAA86}
		{2903598A-2872-4DB0-A24A-65331AB1BCCC} = {21F3593C-7D9D-44D8-AC06-46E8CF48A8CD}
	EndGlobalSection
	GlobalSection(ExtensibilityGlobals) = postSolution
		SolutionGuid = {E7A7D4DC-BAFB-4A2C-A1D1-746C5B2FB104}
	EndGlobalSection
EndGlobal
